
Microsoft Visual Studio Solution File, Format Version 12.00
# Visual Studio Version 17
VisualStudioVersion = 17.3.32901.215
MinimumVisualStudioVersion = 10.0.40219.1
Project("{9A19103F-16F7-4668-BE54-9A1E7A4F7556}") = "TraderPlatform.Engine", "TraderPlatform.Engine\TraderPlatform.Engine.csproj", "{6C519168-BD73-4D6E-B8D5-85FF75B039C8}"
EndProject
Project("{9A19103F-16F7-4668-BE54-9A1E7A4F7556}") = "TraderPlatform.Daemon", "TraderPlatform.Daemon\TraderPlatform.Daemon.csproj", "{A7DF9039-9A9A-471F-85B4-058BA15072B9}"
EndProject
Project("{E53339B2-1760-4266-BCC7-CA923CBCF16C}") = "docker-compose", "docker-compose.dcproj", "{212570DA-6A5C-4500-A55C-F889E06445E9}"
EndProject
Project("{2150E333-8FDC-42A3-9474-1A3956D46DE8}") = "Solution Items", "Solution Items", "{73C41C1C-D784-49DB-92BC-8D1ECA06C75A}"
	ProjectSection(SolutionItems) = preProject
		.editorconfig = .editorconfig
		.gitattributes = .gitattributes
		.gitignore = .gitignore
		LICENSE = LICENSE
		README.md = README.md
	EndProjectSection
EndProject
Project("{9A19103F-16F7-4668-BE54-9A1E7A4F7556}") = "TraderPlatform.API", "TraderPlatform.API\TraderPlatform.API.csproj", "{AFA7A4C6-1FA3-4BDB-8E19-28741EE47D52}"
EndProject
Project("{9A19103F-16F7-4668-BE54-9A1E7A4F7556}") = "TraderPlatform.Abstracts", "TraderPlatform.Abstracts\TraderPlatform.Abstracts.csproj", "{3FD96273-7EB8-449A-A748-2A8928455CF0}"
EndProject
Project("{FAE04EC0-301F-11D3-BF4B-00C04F79EFBC}") = "TraderPlatform.Abstracts.UnitTests", "TraderPlatform.Abstracts.UnitTests\TraderPlatform.Abstracts.UnitTests.csproj", "{D5128A3E-9FB7-46A2-97D8-0EBE93C6AE1E}"
EndProject
Global
	GlobalSection(SolutionConfigurationPlatforms) = preSolution
		Debug|Any CPU = Debug|Any CPU
		Release|Any CPU = Release|Any CPU
	EndGlobalSection
	GlobalSection(ProjectConfigurationPlatforms) = postSolution
		{6C519168-BD73-4D6E-B8D5-85FF75B039C8}.Debug|Any CPU.ActiveCfg = Debug|Any CPU
		{6C519168-BD73-4D6E-B8D5-85FF75B039C8}.Debug|Any CPU.Build.0 = Debug|Any CPU
		{6C519168-BD73-4D6E-B8D5-85FF75B039C8}.Release|Any CPU.ActiveCfg = Release|Any CPU
		{6C519168-BD73-4D6E-B8D5-85FF75B039C8}.Release|Any CPU.Build.0 = Release|Any CPU
		{A7DF9039-9A9A-471F-85B4-058BA15072B9}.Debug|Any CPU.ActiveCfg = Debug|Any CPU
		{A7DF9039-9A9A-471F-85B4-058BA15072B9}.Debug|Any CPU.Build.0 = Debug|Any CPU
		{A7DF9039-9A9A-471F-85B4-058BA15072B9}.Release|Any CPU.ActiveCfg = Release|Any CPU
		{A7DF9039-9A9A-471F-85B4-058BA15072B9}.Release|Any CPU.Build.0 = Release|Any CPU
		{212570DA-6A5C-4500-A55C-F889E06445E9}.Debug|Any CPU.ActiveCfg = Debug|Any CPU
		{212570DA-6A5C-4500-A55C-F889E06445E9}.Debug|Any CPU.Build.0 = Debug|Any CPU
		{212570DA-6A5C-4500-A55C-F889E06445E9}.Release|Any CPU.ActiveCfg = Release|Any CPU
		{212570DA-6A5C-4500-A55C-F889E06445E9}.Release|Any CPU.Build.0 = Release|Any CPU
		{AFA7A4C6-1FA3-4BDB-8E19-28741EE47D52}.Debug|Any CPU.ActiveCfg = Debug|Any CPU
		{AFA7A4C6-1FA3-4BDB-8E19-28741EE47D52}.Debug|Any CPU.Build.0 = Debug|Any CPU
		{AFA7A4C6-1FA3-4BDB-8E19-28741EE47D52}.Release|Any CPU.ActiveCfg = Release|Any CPU
		{AFA7A4C6-1FA3-4BDB-8E19-28741EE47D52}.Release|Any CPU.Build.0 = Release|Any CPU
		{3FD96273-7EB8-449A-A748-2A8928455CF0}.Debug|Any CPU.ActiveCfg = Debug|Any CPU
		{3FD96273-7EB8-449A-A748-2A8928455CF0}.Debug|Any CPU.Build.0 = Debug|Any CPU
		{3FD96273-7EB8-449A-A748-2A8928455CF0}.Release|Any CPU.ActiveCfg = Release|Any CPU
		{3FD96273-7EB8-449A-A748-2A8928455CF0}.Release|Any CPU.Build.0 = Release|Any CPU
		{D5128A3E-9FB7-46A2-97D8-0EBE93C6AE1E}.Debug|Any CPU.ActiveCfg = Debug|Any CPU
		{D5128A3E-9FB7-46A2-97D8-0EBE93C6AE1E}.Debug|Any CPU.Build.0 = Debug|Any CPU
		{D5128A3E-9FB7-46A2-97D8-0EBE93C6AE1E}.Release|Any CPU.ActiveCfg = Release|Any CPU
		{D5128A3E-9FB7-46A2-97D8-0EBE93C6AE1E}.Release|Any CPU.Build.0 = Release|Any CPU
	EndGlobalSection
	GlobalSection(SolutionProperties) = preSolution
		HideSolutionNode = FALSE
	EndGlobalSection
	GlobalSection(ExtensibilityGlobals) = postSolution
		SolutionGuid = {12EF93A0-9E7B-4FE8-B0F2-395DC2B350E4}
	EndGlobalSection
EndGlobal
